# This file is autogenerated, do not edit; changes may be undone by the next 'dep ensure'.


[[projects]]
  name = "github.com/golang/mock"
  packages = [
    "mockgen",
    "mockgen/model"
  ]
  revision = "c34cdb4725f4c3844d095133c6e40e448b86589b"
  version = "v1.1.1"

[[projects]]
  name = "github.com/mitchellh/gox"
  packages = ["."]
  revision = "c9740af9c6574448fd48eb30a71f964014c7a837"
  version = "v0.4.0"

[[projects]]
  branch = "master"
  name = "github.com/mitchellh/iochan"
  packages = ["."]
  revision = "87b45ffd0e9581375c491fef3d32130bb15c5bd7"

[solve-meta]
  analyzer-name = "dep"
  analyzer-version = 1
  inputs-digest = "ee3a743284a42bd5cf8235c3d916964a5cf2abbd3062385c4fdd578823588d39"
  solver-name = "gps-cdcl"
  solver-version = 1
